# THIS IS AN AUTOGENERATED FILE. DO NOT EDIT THIS FILE DIRECTLY.
# yarn lockfile v1


"@emnapi/core@1.10.0", "@emnapi/core@^1.10.0":
  version "1.10.0"
  resolved "https://registry.yarnpkg.com/@emnapi/core/-/core-1.10.0.tgz#380ccc8f2412ea22d1d972df7f8ee23a3b9c7467"
  integrity sha512-yq6OkJ4p82CAfPl0u9mQebQHKPJkY7WrIuk205cTYnYe+k2Z8YBh11FrbRG/H6ihirqcacOgl2BIO8oyMQLeXw==
  dependencies:
    "@emnapi/wasi-threads" "1.2.1"
    tslib "^2.4.0"

"@emnapi/runtime@1.10.0", "@emnapi/runtime@^1.10.0":
  version "1.10.0"
  resolved "https://registry.yarnpkg.com/@emnapi/runtime/-/runtime-1.10.0.tgz#4b260c0d3534204e98c6110b8db1a987d26ec87c"
  integrity sha512-ewvYlk86xUoGI0zQRNq/mC+16R1QeDlKQy21Ki3oSYXNgLb45GV1P6A0M+/s6nyCuNDqe5VpaY84BzXGwVbwFA==
  dependencies:
    tslib "^2.4.0"

"@emnapi/wasi-threads@1.2.1", "@emnapi/wasi-threads@^1.2.1":
  version "1.2.1"
  resolved "https://registry.yarnpkg.com/@emnapi/wasi-threads/-/wasi-threads-1.2.1.tgz#28fed21a1ba1ce797c44a070abc94d42f3ae8548"
  integrity sha512-uTII7OYF+/Mes/MrcIOYp5yOtSMLBWSIoLPpcgwipoiKbli6k322tcoFsxoIIxPDqW01SQGAgko4EzZi2BNv2w==
  dependencies:
    tslib "^2.4.0"

"@jridgewell/gen-mapping@^0.3.5":
  version "0.3.13"
  resolved "https://registry.yarnpkg.com/@jridgewell/gen-mapping/-/gen-mapping-0.3.13.tgz#6342a19f44347518c93e43b1ac69deb3c4656a1f"
  integrity sha512-2kkt/7niJ6MgEPxF0bYdQ6etZaA+fQvDcLKckhy1yIQOzaoKjBBjSj63/aLVjYE3qhRt5dvM+uUyfCg6UKCBbA==
  dependencies:
    "@jridgewell/sourcemap-codec" "^1.5.0"
    "@jridgewell/trace-mapping" "^0.3.24"

"@jridgewell/remapping@^2.3.5":
  version "2.3.5"
  resolved "https://registry.yarnpkg.com/@jridgewell/remapping/-/remapping-2.3.5.tgz#375c476d1972947851ba1e15ae8f123047445aa1"
  integrity sha512-LI9u/+laYG4Ds1TDKSJW2YPrIlcVYOwi2fUC6xB43lueCjgxV4lffOCZCtYFiH6TNOX+tQKXx97T4IKHbhyHEQ==
  dependencies:
    "@jridgewell/gen-mapping" "^0.3.5"
    "@jridgewell/trace-mapping" "^0.3.24"

"@jridgewell/resolve-uri@^3.1.0":
  version "3.1.2"
  resolved "https://registry.yarnpkg.com/@jridgewell/resolve-uri/-/resolve-uri-3.1.2.tgz#7a0ee601f60f99a20c7c7c5ff0c80388c1189bd6"
  integrity sha512-bRISgCIjP20/tbWSPWMEi54QVPRZExkuD9lJL+UIxUKtwVJA8wW1Trb1jMs1RFXo1CBTNZ/5hpC9QvmKWdopKw==

"@jridgewell/sourcemap-codec@^1.4.14", "@jridgewell/sourcemap-codec@^1.5.0", "@jridgewell/sourcemap-codec@^1.5.5":
  version "1.5.5"
  resolved "https://registry.yarnpkg.com/@jridgewell/sourcemap-codec/-/sourcemap-codec-1.5.5.tgz#6912b00d2c631c0d15ce1a7ab57cd657f2a8f8ba"
  integrity sha512-cYQ9310grqxueWbl+WuIUIaiUaDcj7WOq5fVhEljNVgRfOUhY9fy2zTvfoqWsnebh8Sl70VScFbICvJnLKB0Og==

"@jridgewell/trace-mapping@^0.3.24":
  version "0.3.31"
  resolved "https://registry.yarnpkg.com/@jridgewell/trace-mapping/-/trace-mapping-0.3.31.tgz#db15d6781c931f3a251a3dac39501c98a6082fd0"
  integrity sha512-zzNR+SdQSDJzc8joaeP8QQoCQr8NuYx2dIIytl1QeBEZHJ9uW6hebsrYgbz8hJwUQao3TWCMtmfV8Nu1twOLAw==
  dependencies:
    "@jridgewell/resolve-uri" "^3.1.0"
    "@jridgewell/sourcemap-codec" "^1.4.14"

"@napi-rs/wasm-runtime@^1.1.4":
  version "1.1.4"
  resolved "https://registry.yarnpkg.com/@napi-rs/wasm-runtime/-/wasm-runtime-1.1.4.tgz#a46bbfedc29751b7170c5d23bc1d8ee8c7e3c1e1"
  integrity sha512-3NQNNgA1YSlJb/kMH1ildASP9HW7/7kYnRI2szWJaofaS1hWmbGI4H+d3+22aGzXXN9IJ+n+GiFVcGipJP18ow==
  dependencies:
    "@tybys/wasm-util" "^0.10.1"

"@oxc-project/types@=0.128.0":
  version "0.128.0"
  resolved "https://registry.yarnpkg.com/@oxc-project/types/-/types-0.128.0.tgz#efc7524f948ff9e8ab1404ecad1823849c6fe149"
  integrity sha512-huv1Y/LzBJkBVHt3OlC7u0zHBW9qXf1FdD7sGmc1rXc2P1mTwHssYv7jyGx5KAACSCH+9B3Bhn6Z9luHRvf7pQ==

"@rolldown/binding-android-arm64@1.0.0-rc.18":
  version "1.0.0-rc.18"
  resolved "https://registry.yarnpkg.com/@rolldown/binding-android-arm64/-/binding-android-arm64-1.0.0-rc.18.tgz#3af8b2242086125934a85c1915b76e0a6a2054c1"
  integrity sha512-lIDyUAfD7U3+BWKzdxMbJcsYHuqXqmGz40aeRqvuAm3y5TkJSYTBW2RDrn65DJFPQqVjUAUqq5uz8urzQ8aBdQ==

"@rolldown/binding-darwin-arm64@1.0.0-rc.18":
  version "1.0.0-rc.18"
  resolved "https://registry.yarnpkg.com/@rolldown/binding-darwin-arm64/-/binding-darwin-arm64-1.0.0-rc.18.tgz#ae0b4467d24ecd6c6589f03d4d4699616ee9649c"
  integrity sha512-apJq2ktnGp27nSInMR5Vcj8kY6xJzDAvfdIFlpDcAK/w4cDO58qVoi1YQsES/SKiFNge/6e4CUzgjfHduYqWpQ==

"@rolldown/binding-darwin-x64@1.0.0-rc.18":
  version "1.0.0-rc.18"
  resolved "https://registry.yarnpkg.com/@rolldown/binding-darwin-x64/-/binding-darwin-x64-1.0.0-rc.18.tgz#23cf24b0a7b96c8990bbdd8a91e7fd3ba82b00e7"
  integrity sha512-5Ofot8xbs+pxRHJqm9/9N/4sTQOvdrwEsmPE9pdLEEoAbdZtG6F2LMDfO1sp6ZAtXJuJV/21ew2srq3W8NXB5g==

"@rolldown/binding-freebsd-x64@1.0.0-rc.18":
  version "1.0.0-rc.18"
  resolved "https://registry.yarnpkg.com/@rolldown/binding-freebsd-x64/-/binding-freebsd-x64-1.0.0-rc.18.tgz#a047a770f94dc451c062b729e5d1cf82e5c6f9c4"
  integrity sha512-7h8eeOTT1eyqJyx64BFCnWZpNm486hGWt2sqeLLgDxA0xI1oGZ9H7gK1S85uNGmBhkdPwa/6reTxfFFKvIsebw==

"@rolldown/binding-linux-arm-gnueabihf@1.0.0-rc.18":
  version "1.0.0-rc.18"
  resolved "https://registry.yarnpkg.com/@rolldown/binding-linux-arm-gnueabihf/-/binding-linux-arm-gnueabihf-1.0.0-rc.18.tgz#c0b7f346cbf50301cea669a4632bc63aabe6a72c"
  integrity sha512-eRcm/HVt9U/JFu5RKAEKwGQYtDCKWLiaH6wOnsSEp6NMBb/3Os8LgHZlNyzMpFVNmiiMFlfb2zEnebfzJrHFmg==

"@rolldown/binding-linux-arm64-gnu@1.0.0-rc.18":
  version "1.0.0-rc.18"
  resolved "https://registry.yarnpkg.com/@rolldown/binding-linux-arm64-gnu/-/binding-linux-arm64-gnu-1.0.0-rc.18.tgz#af56373c7996ebe6379207cd699c9f7f705e235d"
  integrity sha512-SOrT/cT4ukTmgnrEz/Hg3m7LBnuCLW9psDeMKrimRWY4I8DmnO7Lco8W2vtqPmMkbVu8iJ+g4GFLVLLOVjJ9DQ==

"@rolldown/binding-linux-arm64-musl@1.0.0-rc.18":
  version "1.0.0-rc.18"
  resolved "https://registry.yarnpkg.com/@rolldown/binding-linux-arm64-musl/-/binding-linux-arm64-musl-1.0.0-rc.18.tgz#a8f5acd21fcffc8991aa84710e3ae603c4240ea4"
  integrity sha512-QWjdxN1HJCpBTAcZ5N5F7wju3gVPzRzSpmGzx7na0c/1qpN9CFil+xt+l9lV/1M6/gqHSNXCiqPfwhVJPeLnug==

"@rolldown/binding-linux-ppc64-gnu@1.0.0-rc.18":
  version "1.0.0-rc.18"
  resolved "https://registry.yarnpkg.com/@rolldown/binding-linux-ppc64-gnu/-/binding-linux-ppc64-gnu-1.0.0-rc.18.tgz#1d4a89e040ff82141fc46e717cfab80b05f7c13f"
  integrity sha512-ugCOyj7a4d9h3q9B+wXmf6g3a68UsjGh6dob5DHevHGMwDUbhsYNbSPxJsENcIttJZ9jv7qGM2UesLw5jqIhdg==

"@rolldown/binding-linux-s390x-gnu@1.0.0-rc.18":
  version "1.0.0-rc.18"
  resolved "https://registry.yarnpkg.com/@rolldown/binding-linux-s390x-gnu/-/binding-linux-s390x-gnu-1.0.0-rc.18.tgz#97c21feeb2ed87d07820f0b2dcc5dd663e7a7f3b"
  integrity sha512-kKWRhbsotpXkGbcd5dllUWg5gEXcDAa8u5YnP9AV5DYNbvJHGzzuwv7dpmhc8NqKMJldl0a+x76IHbspEpEmdA==

"@rolldown/binding-linux-x64-gnu@1.0.0-rc.18":
  version "1.0.0-rc.18"
  resolved "https://registry.yarnpkg.com/@rolldown/binding-linux-x64-gnu/-/binding-linux-x64-gnu-1.0.0-rc.18.tgz#06310d40fe139ccc3c433b361120d337c66ebec2"
  integrity sha512-uCo8ElcCIAMyYAZyuIZ81oFkhTSIllNvUCHCAlbhlN4ji3uC28h7IIdlXyIvGO7HsuqnV9p3rD/bpH7XhIyhRw==

"@rolldown/binding-linux-x64-musl@1.0.0-rc.18":
  version "1.0.0-rc.18"
  resolved "https://registry.yarnpkg.com/@rolldown/binding-linux-x64-musl/-/binding-linux-x64-musl-1.0.0-rc.18.tgz#6a711258841f42609b238050cfcd5db13ac136d0"
  integrity sha512-XNOQZtuE6yUIvx4rwGemwh8kpL1xvU41FXy/s9K7T/3JVcqGzo3NfKM2HrbrGgfPYGFW42f07Wk++aOC6B9NWA==

"@rolldown/binding-openharmony-arm64@1.0.0-rc.18":
  version "1.0.0-rc.18"
  resolved "https://registry.yarnpkg.com/@rolldown/binding-openharmony-arm64/-/binding-openharmony-arm64-1.0.0-rc.18.tgz#15cb644beeafdbec930d79ed45c2a7c2573eac70"
  integrity sha512-tSn/kzrfa7tNOXr7sEacDBN4YsIqTyLqh45IO0nHDwtpKIDNDJr+VFojt+4klSpChxB29JLyduSsE0MKEwa65A==

"@rolldown/binding-wasm32-wasi@1.0.0-rc.18":
  version "1.0.0-rc.18"
  resolved "https://registry.yarnpkg.com/@rolldown/binding-wasm32-wasi/-/binding-wasm32-wasi-1.0.0-rc.18.tgz#ca3a56d11dfd533d743711141b3bb4c1ec10110e"
  integrity sha512-+J9YGmc+czgqlhYmwun3S3O0FIZhsH8ep2456xwjAdIOmuJxM7xz4P4PtrxU+Bz17a/5bqPA8o3HAAoX0teUdg==
  dependencies:
    "@emnapi/core" "1.10.0"
    "@emnapi/runtime" "1.10.0"
    "@napi-rs/wasm-runtime" "^1.1.4"

"@rolldown/binding-win32-arm64-msvc@1.0.0-rc.18":
  version "1.0.0-rc.18"
  resolved "https://registry.yarnpkg.com/@rolldown/binding-win32-arm64-msvc/-/binding-win32-arm64-msvc-1.0.0-rc.18.tgz#8c2117d68331d7de59d24631146d538fc203d27c"
  integrity sha512-zsu47DgU0FQzSwi6sU9dZoEdUv7pc1AptSEz/Z8HBg54sV0Pbs3N0+CrIbTsgiu6EyoaNN9CHboqbLaz9lhOyQ==

"@rolldown/binding-win32-x64-msvc@1.0.0-rc.18":
  version "1.0.0-rc.18"
  resolved "https://registry.yarnpkg.com/@rolldown/binding-win32-x64-msvc/-/binding-win32-x64-msvc-1.0.0-rc.18.tgz#bb5c28df3095046778cc1b020ef52fc5ee7b7e70"
  integrity sha512-7H+3yqGgmnlDTRRhw/xpYY9J1kf4GC681nVc4GqKhExZTDrVVrV2tsOR9kso0fvgBdcTCcQShx4SLLoHgaLwhg==

"@rolldown/pluginutils@1.0.0-rc.18":
  version "1.0.0-rc.18"
  resolved "https://registry.yarnpkg.com/@rolldown/pluginutils/-/pluginutils-1.0.0-rc.18.tgz#51cf2589596a179ebe8cbf313f1358c7b51a2fdc"
  integrity sha512-CUY5Mnhe64xQBGZEEXQ5WyZwsc1JU3vAZLIxtrsBt3LO6UOb+C8GunVKqe9sT8NeWb4lqSaoJtp2xo6GxT1MNw==

"@tailwindcss/forms@^0.5.11":
  version "0.5.11"
  resolved "https://registry.yarnpkg.com/@tailwindcss/forms/-/forms-0.5.11.tgz#e77039e96fa7b87c3d001a991f77f9418e666700"
  integrity sha512-h9wegbZDPurxG22xZSoWtdzc41/OlNEUQERNqI/0fOwa2aVlWGu7C35E/x6LDyD3lgtztFSSjKZyuVM0hxhbgA==
  dependencies:
    mini-svg-data-uri "^1.2.3"

"@tailwindcss/node@4.3.0":
  version "4.3.0"
  resolved "https://registry.yarnpkg.com/@tailwindcss/node/-/node-4.3.0.tgz#9dc5312bf41c48658529f36021e0b466c4eb7860"
  integrity sha512-aFb4gUhFOgdh9AXo4IzBEOzBkkAxm9VigwDJnMIYv3lcfXCJVesNfbEaBl4BNgVRyid92AmdviqwBUBRKSeY3g==
  dependencies:
    "@jridgewell/remapping" "^2.3.5"
    enhanced-resolve "^5.21.0"
    jiti "^2.6.1"
    lightningcss "1.32.0"
    magic-string "^0.30.21"
    source-map-js "^1.2.1"
    tailwindcss "4.3.0"

"@tailwindcss/oxide-android-arm64@4.3.0":
  version "4.3.0"
  resolved "https://registry.yarnpkg.com/@tailwindcss/oxide-android-arm64/-/oxide-android-arm64-4.3.0.tgz#e4533b6125236fe81a899cf5a82028c85244def8"
  integrity sha512-TJPiq67tKlLuObP6RkwvVGDoxCMBVtDgKkLfa/uyj7/FyxvQwHS+UOnVrXXgbEsfUaMgiVvC4KbJnRr26ho4Ng==

"@tailwindcss/oxide-darwin-arm64@4.3.0":
  version "4.3.0"
  resolved "https://registry.yarnpkg.com/@tailwindcss/oxide-darwin-arm64/-/oxide-darwin-arm64-4.3.0.tgz#96b074ef64ec6c41d580063740c8d36cf5c459ce"
  integrity sha512-oMN/WZRb+SO37BmUElEgeEWuU8E/HXRkiODxJxLe1UTHVXLrdVSgfaJV7pSlhRGMSOiXLuxTIjfsF3wYvz8cgQ==

"@tailwindcss/oxide-darwin-x64@4.3.0":
  version "4.3.0"
  resolved "https://registry.yarnpkg.com/@tailwindcss/oxide-darwin-x64/-/oxide-darwin-x64-4.3.0.tgz#0d9638d06d38684339b2dc06631966a7296bb64e"
  integrity sha512-N6CUmu4a6bKVADfw77p+iw6Yd9Q3OBhe0veaDX+QazfuVYlQsHfDgxBrsjQ/IW+zywL8mTrNd0SdJT/zgtvMdA==

"@tailwindcss/oxide-freebsd-x64@4.3.0":
  version "4.3.0"
  resolved "https://registry.yarnpkg.com/@tailwindcss/oxide-freebsd-x64/-/oxide-freebsd-x64-4.3.0.tgz#efc7acd17cd38d7585c07cb938a4f1b703f79d7a"
  integrity sha512-zDL5hBkQdH5C6MpqbK3gQAgP80tsMwSI26vjOzjJtNCMUo0lFgOItzHKBIupOZNQxt3ouPH7RPhvNhiTfCe5CQ==

"@tailwindcss/oxide-linux-arm-gnueabihf@4.3.0":
  version "4.3.0"
  resolved "https://registry.yarnpkg.com/@tailwindcss/oxide-linux-arm-gnueabihf/-/oxide-linux-arm-gnueabihf-4.3.0.tgz#e41c945e529670cd93fd6ed0c6a2880de5c40333"
  integrity sha512-R06HdNi7A7OEoMsf6d4tjZ71RCWnZQPHj2mnotSFURjNLdBC+cIgXQ7l81CqeoiQftjf6OOblxXMInMgN2VzMA==

"@tailwindcss/oxide-linux-arm64-gnu@4.3.0":
  version "4.3.0"
  resolved "https://registry.yarnpkg.com/@tailwindcss/oxide-linux-arm64-gnu/-/oxide-linux-arm64-gnu-4.3.0.tgz#6bb608b16ba7146d61097c2f4c7ee927d1f3580a"
  integrity sha512-qTJHELX8jetjhRQHCLilkVLmybpzNQAtaI/gaoVoidn/ufbNDbAo8KlK2J+yPoc8wQxvDxCmh/5lr8nC1+lTbg==

"@tailwindcss/oxide-linux-arm64-musl@4.3.0":
  version "4.3.0"
  resolved "https://registry.yarnpkg.com/@tailwindcss/oxide-linux-arm64-musl/-/oxide-linux-arm64-musl-4.3.0.tgz#1bb443aa371bb99b50cb39d4d688151fadcd8a63"
  integrity sha512-Z6sukiQsngnWO+l39X4pPbiWT81IC+PLKF+PHxIlyZbGNb9MODfYlXEVlFvej5BOZInWX01kVyzeLvHsXhfczQ==

"@tailwindcss/oxide-linux-x64-gnu@4.3.0":
  version "4.3.0"
  resolved "https://registry.yarnpkg.com/@tailwindcss/oxide-linux-x64-gnu/-/oxide-linux-x64-gnu-4.3.0.tgz#5267c0bb2597426c0d2e759acb5389cde2aa71fd"
  integrity sha512-DRNdQRpSGzRGfARVuVkxvM8Q12nh19l4BF/G7zGA1oe+9wcC6saFBHTISrpIcKzhiXtSrlSrluCfvMuledoCTQ==

"@tailwindcss/oxide-linux-x64-musl@4.3.0":
  version "4.3.0"
  resolved "https://registry.yarnpkg.com/@tailwindcss/oxide-linux-x64-musl/-/oxide-linux-x64-musl-4.3.0.tgz#fb2da97c67b218e5c7c723cb32782d55d7e4a5d5"
  integrity sha512-Z0IADbDo8bh6I7h2IQMx601AdXBLfFpEdUotft86evd/8ZPflZe9COPO8Q1vw+pfLWIUo9zN/JGZvwuAJqduqg==

"@tailwindcss/oxide-wasm32-wasi@4.3.0":
  version "4.3.0"
  resolved "https://registry.yarnpkg.com/@tailwindcss/oxide-wasm32-wasi/-/oxide-wasm32-wasi-4.3.0.tgz#3f6538e511066d67d8683863dcaeeb16c22de849"
  integrity sha512-HNZGOUxEmElksYR7S6sC5jTeNGpobAsy9u7Gu0AskJ8/20FR9GqebUyB+HBcU/ax6BHuiuJi+Oda4B+YX6H1yA==
  dependencies:
    "@emnapi/core" "^1.10.0"
    "@emnapi/runtime" "^1.10.0"
    "@emnapi/wasi-threads" "^1.2.1"
    "@napi-rs/wasm-runtime" "^1.1.4"
    "@tybys/wasm-util" "^0.10.1"
    tslib "^2.8.1"

"@tailwindcss/oxide-win32-arm64-msvc@4.3.0":
  version "4.3.0"
  resolved "https://registry.yarnpkg.com/@tailwindcss/oxide-win32-arm64-msvc/-/oxide-win32-arm64-msvc-4.3.0.tgz#ec45fba773c76759338c05d4fe5cf42c4eea2e4e"
  integrity sha512-Pe+RPVTi1T+qymuuRpcdvwSVZjnll/f7n8gBxMMh3xLTctMDKqpdfGimbMyioqtLhUYZxdJ9wGNhV7MKHvgZsQ==

"@tailwindcss/oxide-win32-x64-msvc@4.3.0":
  version "4.3.0"
  resolved "https://registry.yarnpkg.com/@tailwindcss/oxide-win32-x64-msvc/-/oxide-win32-x64-msvc-4.3.0.tgz#58cdd6e06adbe2e3160274edfcd0b0b43e17fee4"
  integrity sha512-Mvrf2kXW/yeW/OTezZlCGOirXRcUuLIBx/5Y12BaPM7wJoryG6dfS/NJL8aBPqtTEx/Vm4T4vKzFUcKDT+TKUA==

"@tailwindcss/oxide@4.3.0":
  version "4.3.0"
  resolved "https://registry.yarnpkg.com/@tailwindcss/oxide/-/oxide-4.3.0.tgz#cc1c61e88f62c0e9f56062de3e7873acaa2159d4"
  integrity sha512-F7HZGBeN9I0/AuuJS5PwcD8xayx5ri5GhjYUDBEVYUkexyA/giwbDNjRVrxSezE3T250OU2K/wp/ltWx3UOefg==
  optionalDependencies:
    "@tailwindcss/oxide-android-arm64" "4.3.0"
    "@tailwindcss/oxide-darwin-arm64" "4.3.0"
    "@tailwindcss/oxide-darwin-x64" "4.3.0"
    "@tailwindcss/oxide-freebsd-x64" "4.3.0"
    "@tailwindcss/oxide-linux-arm-gnueabihf" "4.3.0"
    "@tailwindcss/oxide-linux-arm64-gnu" "4.3.0"
    "@tailwindcss/oxide-linux-arm64-musl" "4.3.0"
    "@tailwindcss/oxide-linux-x64-gnu" "4.3.0"
    "@tailwindcss/oxide-linux-x64-musl" "4.3.0"
    "@tailwindcss/oxide-wasm32-wasi" "4.3.0"
    "@tailwindcss/oxide-win32-arm64-msvc" "4.3.0"
    "@tailwindcss/oxide-win32-x64-msvc" "4.3.0"

"@tailwindcss/typography@^0.5.19":
  version "0.5.19"
  resolved "https://registry.yarnpkg.com/@tailwindcss/typography/-/typography-0.5.19.tgz#ecb734af2569681eb40932f09f60c2848b909456"
  integrity sha512-w31dd8HOx3k9vPtcQh5QHP9GwKcgbMp87j58qi6xgiBnFFtKEAgCWnDw4qUT8aHwkCp8bKvb/KGKWWHedP0AAg==
  dependencies:
    postcss-selector-parser "6.0.10"

"@tailwindcss/vite@^4.3.0":
  version "4.3.0"
  resolved "https://registry.yarnpkg.com/@tailwindcss/vite/-/vite-4.3.0.tgz#b2bbc069a4c700ea7aef5ee30416d84b7652e136"
  integrity sha512-t6J3OrB5Fc0ExuhohouH0fWUGMYL6PTLhW+E7zIk/pdbnJARZDCwjBznFnkh5ynRnIRSI4YjtTH0t6USjJISrw==
  dependencies:
    "@tailwindcss/node" "4.3.0"
    "@tailwindcss/oxide" "4.3.0"
    tailwindcss "4.3.0"

"@tybys/wasm-util@^0.10.1":
  version "0.10.2"
  resolved "https://registry.yarnpkg.com/@tybys/wasm-util/-/wasm-util-0.10.2.tgz#12b3a1b33db1f9cad4ddff1f604ab7dd00bf464e"
  integrity sha512-RoBvJ2X0wuKlWFIjrwffGw1IqZHKQqzIchKaadZZfnNpsAYp2mM0h36JtPCjNDAHGgYez/15uMBpfGwchhiMgg==
  dependencies:
    tslib "^2.4.0"

"@xterm/addon-fit@^0.11.0":
  version "0.11.0"
  resolved "https://registry.yarnpkg.com/@xterm/addon-fit/-/addon-fit-0.11.0.tgz#ba4778b69fcc9044a060c2176bbe077657d7b37e"
  integrity sha512-jYcgT6xtVYhnhgxh3QgYDnnNMYTcf8ElbxxFzX0IZo+vabQqSPAjC3c1wJrKB5E19VwQei89QCiZZP86DCPF7g==

"@xterm/addon-search@^0.16.0":
  version "0.16.0"
  resolved "https://registry.yarnpkg.com/@xterm/addon-search/-/addon-search-0.16.0.tgz#ddadcbc6e556e45fc4b153f8a0efdf2aa1456b82"
  integrity sha512-9OeuBFu0/uZJPu+9AHKY6g/w0Czyb/Ut0A5t79I4ULoU4IfU5BEpPFVGQxP4zTTMdfZEYkVIRYbHBX1xWwjeSA==

"@xterm/addon-web-links@^0.12.0":
  version "0.12.0"
  resolved "https://registry.yarnpkg.com/@xterm/addon-web-links/-/addon-web-links-0.12.0.tgz#bc34ae46f4c12012256d451ac2b9be791c0b6bfa"
  integrity sha512-4Smom3RPyVp7ZMYOYDoC/9eGJJJqYhnPLGGqJ6wOBfB8VxPViJNSKdgRYb8NpaM6YSelEKbA2SStD7lGyqaobw==

"@xterm/addon-webgl@^0.19.0":
  version "0.19.0"
  resolved "https://registry.yarnpkg.com/@xterm/addon-webgl/-/addon-webgl-0.19.0.tgz#02533c3f7c0af3ac9a44bbb095cbd47d48e90c25"
  integrity sha512-b3fMOsyLVuCeNJWxolACEUED0vm7qC0cy4wRvf3oURSzDTYVQiGPhTnhWZwIHdvC48Y+oLhvYXnY4XDXPoJo6A==

"@xterm/xterm@^6.0.0":
  version "6.0.0"
  resolved "https://registry.yarnpkg.com/@xterm/xterm/-/xterm-6.0.0.tgz#93637b0f2ee3a70718b5746a27c9c506af16745b"
  integrity sha512-TQwDdQGtwwDt+2cgKDLn0IRaSxYu1tSUjgKarSDkUM0ZNiSRXFpjxEsvc/Zgc5kq5omJ+V0a8/kIM2WD3sMOYg==

ansi-regex@^5.0.1:
  version "5.0.1"
  resolved "https://registry.yarnpkg.com/ansi-regex/-/ansi-regex-5.0.1.tgz#082cb2c89c9fe8659a311a53bd6a4dc5301db304"
  integrity sha512-quJQXlTSUGL2LH9SUXo8VwsY4soanhgo6LNSm84E1LBcE8s3O0wpdiRzyR9z/ZZJMlMWv37qOOb9pdJlMUEKFQ==

ansi-styles@^4.0.0, ansi-styles@^4.1.0:
  version "4.3.0"
  resolved "https://registry.yarnpkg.com/ansi-styles/-/ansi-styles-4.3.0.tgz#edd803628ae71c04c85ae7a0906edad34b648937"
  integrity sha512-zbB9rCJAT1rbjiVDb2hqKFHNYLxgtk8NURxZ3IZwD3F6NtxbXZQCnnSi1Lkx+IDohdPlFp222wVALIheZJQSEg==
  dependencies:
    color-convert "^2.0.1"

autoprefixer@^10.5.0:
  version "10.5.0"
  resolved "https://registry.yarnpkg.com/autoprefixer/-/autoprefixer-10.5.0.tgz#33d87e443430f020a0f85319d6ff1593cb291be9"
  integrity sha512-FMhOoZV4+qR6aTUALKX2rEqGG+oyATvwBt9IIzVR5rMa2HRWPkxf+P+PAJLD1I/H5/II+HuZcBJYEFBpq39ong==
  dependencies:
    browserslist "^4.28.2"
    caniuse-lite "^1.0.30001787"
    fraction.js "^5.3.4"
    picocolors "^1.1.1"
    postcss-value-parser "^4.2.0"

babel-runtime@^6.26.0:
  version "6.26.0"
  resolved "https://registry.yarnpkg.com/babel-runtime/-/babel-runtime-6.26.0.tgz#965c7058668e82b55d7bfe04ff2337bc8b5647fe"
  integrity sha512-ITKNuq2wKlW1fJg9sSW52eepoYgZBggvOAHC0u/CYu/qxQ9EVzThCgR69BnSXLHjy2f7SY5zaQ4yt7H9ZVxY2g==
  dependencies:
    core-js "^2.4.0"
    regenerator-runtime "^0.11.0"

balanced-match@^4.0.2:
  version "4.0.4"
  resolved "https://registry.yarnpkg.com/balanced-match/-/balanced-match-4.0.4.tgz#bfb10662feed8196a2c62e7c68e17720c274179a"
  integrity sha512-BLrgEcRTwX2o6gGxGOCNyMvGSp35YofuYzw9h1IMTRmKqttAZZVU67bdb9Pr2vUHA8+j3i2tJfjO6C6+4myGTA==

baseline-browser-mapping@^2.10.12:
  version "2.10.28"
  resolved "https://registry.yarnpkg.com/baseline-browser-mapping/-/baseline-browser-mapping-2.10.28.tgz#9ba8e7b5ef9d40ceb3dd1cdcb936f63383b6833b"
  integrity sha512-Ic44hnOtFIgravCunj1ifSoQPSUrkNiJuH9Mf6jr2jjoA74icqV8wU0KuadXeOR8zuIJMOoTv0GuQjZ9ZYNMeA==

brace-expansion@^5.0.5:
  version "5.0.6"
  resolved "https://registry.yarnpkg.com/brace-expansion/-/brace-expansion-5.0.6.tgz#ec68fe0a641a29d8711579caf641d05bae1f2285"
  integrity sha512-kLpxurY4Z4r9sgMsyG0Z9uzsBlgiU/EFKhj/h91/8yHu0edo7XuixOIH3VcJ8kkxs6/jPzoI6U9Vj3WqbMQ94g==
  dependencies:
    balanced-match "^4.0.2"

browserslist@^4.28.2:
  version "4.28.2"
  resolved "https://registry.yarnpkg.com/browserslist/-/browserslist-4.28.2.tgz#f50b65362ef48974ca9f50b3680566d786b811d2"
  integrity sha512-48xSriZYYg+8qXna9kwqjIVzuQxi+KYWp2+5nCYnYKPTr0LvD89Jqk2Or5ogxz0NUMfIjhh2lIUX/LyX9B4oIg==
  dependencies:
    baseline-browser-mapping "^2.10.12"
    caniuse-lite "^1.0.30001782"
    electron-to-chromium "^1.5.328"
    node-releases "^2.0.36"
    update-browserslist-db "^1.2.3"

caniuse-lite@^1.0.30001782, caniuse-lite@^1.0.30001787:
  version "1.0.30001792"
  resolved "https://registry.yarnpkg.com/caniuse-lite/-/caniuse-lite-1.0.30001792.tgz#ca8bb9be244835a335e2018272ce7223691873c5"
  integrity sha512-hVLMUZFgR4JJ6ACt1uEESvQN1/dBVqPAKY0hgrV70eN3391K6juAfTjKZLKvOMsx8PxA7gsY1/tLMMTcfFLLpw==

chalk@4.1.2:
  version "4.1.2"
  resolved "https://registry.yarnpkg.com/chalk/-/chalk-4.1.2.tgz#aac4e2b7734a740867aeb16bf02aad556a1e7a01"
  integrity sha512-oKnbhFyRIXpUuez8iBMmyEa4nbj4IOQyuhc/wy9kY7/WVPcwIO9VA668Pu8RkO7+0G76SLROeyw9CpQ061i4mA==
  dependencies:
    ansi-styles "^4.1.0"
    supports-color "^7.1.0"

cliui@^8.0.1:
  version "8.0.1"
  resolved "https://registry.yarnpkg.com/cliui/-/cliui-8.0.1.tgz#0c04b075db02cbfe60dc8e6cf2f5486b1a3608aa"
  integrity sha512-BSeNnyus75C4//NQ9gQt1/csTXyo/8Sb+afLAkzAptFuMsod9HFokGNudZpi/oQV73hnVK+sR+5PVRMd+Dr7YQ==
  dependencies:
    string-width "^4.2.0"
    strip-ansi "^6.0.1"
    wrap-ansi "^7.0.0"

color-convert@^2.0.1:
  version "2.0.1"
  resolved "https://registry.yarnpkg.com/color-convert/-/color-convert-2.0.1.tgz#72d3a68d598c9bdb3af2ad1e84f21d896abd4de3"
  integrity sha512-RRECPsj7iu/xb5oKYcsFHSppFNnsj/52OVTRKb4zP5onXwVF3zVmmToNcOfGC+CRDpfK/U584fMg38ZHCaElKQ==
  dependencies:
    color-name "~1.1.4"

color-name@~1.1.4:
  version "1.1.4"
  resolved "https://registry.yarnpkg.com/color-name/-/color-name-1.1.4.tgz#c2a09a87acbde69543de6f63fa3995c826c536a2"
  integrity sha512-dOy+3AuW3a2wNbZHIuMZpTcgjGuLU/uBL/ubcZF9OXbDo8ff4O8yVp5Bf0efS8uEoYo5q4Fx7dY9OgQGXgAsQA==

concurrently@^9.2.1:
  version "9.2.1"
  resolved "https://registry.yarnpkg.com/concurrently/-/concurrently-9.2.1.tgz#248ea21b95754947be2dad9c3e4b60f18ca4e44f"
  integrity sha512-fsfrO0MxV64Znoy8/l1vVIjjHa29SZyyqPgQBwhiDcaW8wJc2W3XWVOGx4M3oJBnv/zdUZIIp1gDeS98GzP8Ng==
  dependencies:
    chalk "4.1.2"
    rxjs "7.8.2"
    shell-quote "1.8.3"
    supports-color "8.1.1"
    tree-kill "1.2.2"
    yargs "17.7.2"

core-js@^2.4.0:
  version "2.6.12"
  resolved "https://registry.yarnpkg.com/core-js/-/core-js-2.6.12.tgz#d9333dfa7b065e347cc5682219d6f690859cc2ec"
  integrity sha512-Kb2wC0fvsWfQrgk8HU5lW6U/Lcs8+9aaYcy4ZFc6DDlo4nZ7n70dEgE5rtR0oG6ufKDUnrwfWL1mXR5ljDatrQ==

cssesc@^3.0.0:
  version "3.0.0"
  resolved "https://registry.yarnpkg.com/cssesc/-/cssesc-3.0.0.tgz#37741919903b868565e1c09ea747445cd18983ee"
  integrity sha512-/Tb/JcjK111nNScGob5MNtsntNM1aCNUDipB/TkwZFhyDrrE47SOx/18wF2bbjgc3ZzCSKW1T5nt5EbFoAz/Vg==

detect-libc@^2.0.3:
  version "2.1.2"
  resolved "https://registry.yarnpkg.com/detect-libc/-/detect-libc-2.1.2.tgz#689c5dcdc1900ef5583a4cb9f6d7b473742074ad"
  integrity sha512-Btj2BOOO83o3WyH59e8MgXsxEQVcarkUOpEYrubB0urwnN10yQ364rsiByU11nZlqWYZm05i/of7io4mzihBtQ==

electron-to-chromium@^1.5.328:
  version "1.5.353"
  resolved "https://registry.yarnpkg.com/electron-to-chromium/-/electron-to-chromium-1.5.353.tgz#01e8a8e25a0bf13e631106045f177d0568ca91c2"
  integrity sha512-kOrWphBi8TOZyiJZqsgqIle0lw+tzmnQK83pV9dZUd01Nm2POECSyFQMAuarzZdYqQW7FH9RaYOuaRo3h+bQ3w==

emoji-regex@^8.0.0:
  version "8.0.0"
  resolved "https://registry.yarnpkg.com/emoji-regex/-/emoji-regex-8.0.0.tgz#e818fd69ce5ccfcb404594f842963bf53164cc37"
  integrity sha512-MSjYzcWNOA0ewAHpz0MxpYFvwg6yjy1NG3xteoqz644VCo/RPgnr1/GGt+ic3iJTzQ8Eu3TdM14SawnVUmGE6A==

enhanced-resolve@^5.21.0:
  version "5.21.2"
  resolved "https://registry.yarnpkg.com/enhanced-resolve/-/enhanced-resolve-5.21.2.tgz#ddbedd0c7f14c3c51adfc24f5a14d76a83395442"
  integrity sha512-xe9vQb5kReirPUxgQrXA3ihgbCqssmTiM7cOZ+Gzu+VeGWgpV98lLZvp0dl4yriyAePcewxGUs9UpKD8PET9KQ==
  dependencies:
    graceful-fs "^4.2.4"
    tapable "^2.3.3"

escalade@^3.1.1, escalade@^3.2.0:
  version "3.2.0"
  resolved "https://registry.yarnpkg.com/escalade/-/escalade-3.2.0.tgz#011a3f69856ba189dffa7dc8fcce99d2a87903e5"
  integrity sha512-WUj2qlxaQtO4g6Pq5c29GTcWGDyd8itL8zTlipgECz3JesAiiOKotd8JU6otB3PACgG6xkJUyVhboMS+bje/jA==

fdir@^6.5.0:
  version "6.5.0"
  resolved "https://registry.yarnpkg.com/fdir/-/fdir-6.5.0.tgz#ed2ab967a331ade62f18d077dae192684d50d350"
  integrity sha512-tIbYtZbucOs0BRGqPJkshJUYdL+SDH7dVM8gjy+ERp3WAUjLEFJE+02kanyHtwjWOnwrKYBiwAmM0p4kLJAnXg==

fraction.js@^5.3.4:
  version "5.3.4"
  resolved "https://registry.yarnpkg.com/fraction.js/-/fraction.js-5.3.4.tgz#8c0fcc6a9908262df4ed197427bdeef563e0699a"
  integrity sha512-1X1NTtiJphryn/uLQz3whtY6jK3fTqoE3ohKs0tT+Ujr1W59oopxmoEh7Lu5p6vBaPbgoM0bzveAW4Qi5RyWDQ==

fsevents@~2.3.3:
  version "2.3.3"
  resolved "https://registry.yarnpkg.com/fsevents/-/fsevents-2.3.3.tgz#cac6407785d03675a2a5e1a5305c697b347d90d6"
  integrity sha512-5xoDfX+fL7faATnagmWPpbFtwh/R77WmMMqqHGS65C3vvB0YHrgF+B1YmZ3441tMj5n63k0212XNoJwzlhffQw==

get-caller-file@^2.0.5:
  version "2.0.5"
  resolved "https://registry.yarnpkg.com/get-caller-file/-/get-caller-file-2.0.5.tgz#4f94412a82db32f36e3b0b9741f8a97feb031f7e"
  integrity sha512-DyFP3BM/3YHTQOCUL/w0OZHR0lpKeGrxotcHWcqNEdnltqFwXVfhEBQ94eIo34AfQpo0rGki4cyIiftY06h2Fg==

glob@^13.0.6:
  version "13.0.6"
  resolved "https://registry.yarnpkg.com/glob/-/glob-13.0.6.tgz#078666566a425147ccacfbd2e332deb66a2be71d"
  integrity sha512-Wjlyrolmm8uDpm/ogGyXZXb1Z+Ca2B8NbJwqBVg0axK9GbBeoS7yGV6vjXnYdGm6X53iehEuxxbyiKp8QmN4Vw==
  dependencies:
    minimatch "^10.2.2"
    minipass "^7.1.3"
    path-scurry "^2.0.2"

graceful-fs@^4.2.4:
  version "4.2.11"
  resolved "https://registry.yarnpkg.com/graceful-fs/-/graceful-fs-4.2.11.tgz#4183e4e8bf08bb6e05bbb2f7d2e0c8f712ca40e3"
  integrity sha512-RbJ5/jmFcNNCcDV5o9eTnBLJ/HszWV0P73bc+Ff4nS/rJj+YaS6IGyiOL0VoBYX+l1Wrl3k63h/KrH+nhJ0XvQ==

has-flag@^4.0.0:
  version "4.0.0"
  resolved "https://registry.yarnpkg.com/has-flag/-/has-flag-4.0.0.tgz#944771fd9c81c81265c4d6941860da06bb59479b"
  integrity sha512-EykJT/Q1KjTWctppgIAgfSO0tKVuZUjhgMr17kqTumMl6Afv3EISleU7qZUzoXDFTAHTDC4NOoG/ZxU3EvlMPQ==

is-fullwidth-code-point@^3.0.0:
  version "3.0.0"
  resolved "https://registry.yarnpkg.com/is-fullwidth-code-point/-/is-fullwidth-code-point-3.0.0.tgz#f116f8064fe90b3f7844a38997c0b75051269f1d"
  integrity sha512-zymm5+u+sCsSWyD9qNaejV3DFvhCKclKdizYaJUuHA83RLjb7nSuGnddCHGv0hk+KY7BMAlsWeK4Ueg6EV6XQg==

jiti@^2.6.1:
  version "2.7.0"
  resolved "https://registry.yarnpkg.com/jiti/-/jiti-2.7.0.tgz#974228f2f4ca2bc21885a1797b45fea68e950c64"
  integrity sha512-AC/7JofJvZGrrneWNaEnJeOLUx+JlGt7tNa0wZiRPT4MY1wmfKjt2+6O2p2uz2+skll8OZZmJMNqeke7kKbNgQ==

laravel-vite-plugin@^3.1.0:
  version "3.1.0"
  resolved "https://registry.yarnpkg.com/laravel-vite-plugin/-/laravel-vite-plugin-3.1.0.tgz#139d7725887dcc699c07553a37c129b64c7a0d91"
  integrity sha512-Fzocl+X4eQ9jOi0RwdphYRGkUbPJ3ky1pTAST5Ot18cS2gw6d2vldK2eCrlKDVjtibCjCx5qptYDlA0373n7qg==
  dependencies:
    picocolors "^1.0.0"
    tinyglobby "^0.2.12"
    vite-plugin-full-reload "^1.1.0"

lightningcss-android-arm64@1.32.0:
  version "1.32.0"
  resolved "https://registry.yarnpkg.com/lightningcss-android-arm64/-/lightningcss-android-arm64-1.32.0.tgz#f033885116dfefd9c6f54787523e3514b61e1968"
  integrity sha512-YK7/ClTt4kAK0vo6w3X+Pnm0D2cf2vPHbhOXdoNti1Ga0al1P4TBZhwjATvjNwLEBCnKvjJc2jQgHXH0NEwlAg==

lightningcss-darwin-arm64@1.32.0:
  version "1.32.0"
  resolved "https://registry.yarnpkg.com/lightningcss-darwin-arm64/-/lightningcss-darwin-arm64-1.32.0.tgz#50b71871b01c8199584b649e292547faea7af9b5"
  integrity sha512-RzeG9Ju5bag2Bv1/lwlVJvBE3q6TtXskdZLLCyfg5pt+HLz9BqlICO7LZM7VHNTTn/5PRhHFBSjk5lc4cmscPQ==

lightningcss-darwin-x64@1.32.0:
  version "1.32.0"
  resolved "https://registry.yarnpkg.com/lightningcss-darwin-x64/-/lightningcss-darwin-x64-1.32.0.tgz#35f3e97332d130b9ca181e11b568ded6aebc6d5e"
  integrity sha512-U+QsBp2m/s2wqpUYT/6wnlagdZbtZdndSmut/NJqlCcMLTWp5muCrID+K5UJ6jqD2BFshejCYXniPDbNh73V8w==

lightningcss-freebsd-x64@1.32.0:
  version "1.32.0"
  resolved "https://registry.yarnpkg.com/lightningcss-freebsd-x64/-/lightningcss-freebsd-x64-1.32.0.tgz#9777a76472b64ed6ff94342ad64c7bafd794a575"
  integrity sha512-JCTigedEksZk3tHTTthnMdVfGf61Fky8Ji2E4YjUTEQX14xiy/lTzXnu1vwiZe3bYe0q+SpsSH/CTeDXK6WHig==

lightningcss-linux-arm-gnueabihf@1.32.0:
  version "1.32.0"
  resolved "https://registry.yarnpkg.com/lightningcss-linux-arm-gnueabihf/-/lightningcss-linux-arm-gnueabihf-1.32.0.tgz#13ae652e1ab73b9135d7b7da172f666c410ad53d"
  integrity sha512-x6rnnpRa2GL0zQOkt6rts3YDPzduLpWvwAF6EMhXFVZXD4tPrBkEFqzGowzCsIWsPjqSK+tyNEODUBXeeVHSkw==

lightningcss-linux-arm64-gnu@1.32.0:
  version "1.32.0"
  resolved "https://registry.yarnpkg.com/lightningcss-linux-arm64-gnu/-/lightningcss-linux-arm64-gnu-1.32.0.tgz#417858795a94592f680123a1b1f9da8a0e1ef335"
  integrity sha512-0nnMyoyOLRJXfbMOilaSRcLH3Jw5z9HDNGfT/gwCPgaDjnx0i8w7vBzFLFR1f6CMLKF8gVbebmkUN3fa/kQJpQ==

lightningcss-linux-arm64-musl@1.32.0:
  version "1.32.0"
  resolved "https://registry.yarnpkg.com/lightningcss-linux-arm64-musl/-/lightningcss-linux-arm64-musl-1.32.0.tgz#6be36692e810b718040802fd809623cffe732133"
  integrity sha512-UpQkoenr4UJEzgVIYpI80lDFvRmPVg6oqboNHfoH4CQIfNA+HOrZ7Mo7KZP02dC6LjghPQJeBsvXhJod/wnIBg==

lightningcss-linux-x64-gnu@1.32.0:
  version "1.32.0"
  resolved "https://registry.yarnpkg.com/lightningcss-linux-x64-gnu/-/lightningcss-linux-x64-gnu-1.32.0.tgz#0b7803af4eb21cfd38dd39fe2abbb53c7dd091f6"
  integrity sha512-V7Qr52IhZmdKPVr+Vtw8o+WLsQJYCTd8loIfpDaMRWGUZfBOYEJeyJIkqGIDMZPwPx24pUMfwSxxI8phr/MbOA==

lightningcss-linux-x64-musl@1.32.0:
  version "1.32.0"
  resolved "https://registry.yarnpkg.com/lightningcss-linux-x64-musl/-/lightningcss-linux-x64-musl-1.32.0.tgz#88dc8ba865ddddb1ac5ef04b0f161804418c163b"
  integrity sha512-bYcLp+Vb0awsiXg/80uCRezCYHNg1/l3mt0gzHnWV9XP1W5sKa5/TCdGWaR/zBM2PeF/HbsQv/j2URNOiVuxWg==

lightningcss-win32-arm64-msvc@1.32.0:
  version "1.32.0"
  resolved "https://registry.yarnpkg.com/lightningcss-win32-arm64-msvc/-/lightningcss-win32-arm64-msvc-1.32.0.tgz#4f30ba3fa5e925f5b79f945e8cc0d176c3b1ab38"
  integrity sha512-8SbC8BR40pS6baCM8sbtYDSwEVQd4JlFTOlaD3gWGHfThTcABnNDBda6eTZeqbofalIJhFx0qKzgHJmcPTnGdw==

lightningcss-win32-x64-msvc@1.32.0:
  version "1.32.0"
  resolved "https://registry.yarnpkg.com/lightningcss-win32-x64-msvc/-/lightningcss-win32-x64-msvc-1.32.0.tgz#141aa5605645064928902bb4af045fa7d9f4220a"
  integrity sha512-Amq9B/SoZYdDi1kFrojnoqPLxYhQ4Wo5XiL8EVJrVsB8ARoC1PWW6VGtT0WKCemjy8aC+louJnjS7U18x3b06Q==

lightningcss@1.32.0, lightningcss@^1.32.0:
  version "1.32.0"
  resolved "https://registry.yarnpkg.com/lightningcss/-/lightningcss-1.32.0.tgz#b85aae96486dcb1bf49a7c8571221273f4f1e4a9"
  integrity sha512-NXYBzinNrblfraPGyrbPoD19C1h9lfI/1mzgWYvXUTe414Gz/X1FD2XBZSZM7rRTrMA8JL3OtAaGifrIKhQ5yQ==
  dependencies:
    detect-libc "^2.0.3"
  optionalDependencies:
    lightningcss-android-arm64 "1.32.0"
    lightningcss-darwin-arm64 "1.32.0"
    lightningcss-darwin-x64 "1.32.0"
    lightningcss-freebsd-x64 "1.32.0"
    lightningcss-linux-arm-gnueabihf "1.32.0"
    lightningcss-linux-arm64-gnu "1.32.0"
    lightningcss-linux-arm64-musl "1.32.0"
    lightningcss-linux-x64-gnu "1.32.0"
    lightningcss-linux-x64-musl "1.32.0"
    lightningcss-win32-arm64-msvc "1.32.0"
    lightningcss-win32-x64-msvc "1.32.0"

lru-cache@^11.0.0:
  version "11.3.6"
  resolved "https://registry.yarnpkg.com/lru-cache/-/lru-cache-11.3.6.tgz#f0306ad6e9f0a5dc25b16aeba4e8f57b7ec2df55"
  integrity sha512-Gf/KoL3C/MlI7Bt0PGI9I+TeTC/I6r/csU58N4BSNc4lppLBeKsOdFYkK+dX0ABDUMJNfCHTyPpzwwO21Awd3A==

magic-string@^0.30.21:
  version "0.30.21"
  resolved "https://registry.yarnpkg.com/magic-string/-/magic-string-0.30.21.tgz#56763ec09a0fa8091df27879fd94d19078c00d91"
  integrity sha512-vd2F4YUyEXKGcLHoq+TEyCjxueSeHnFxyyjNp80yg0XV4vUhnDer/lvvlqM/arB5bXQN5K2/3oinyCRyx8T2CQ==
  dependencies:
    "@jridgewell/sourcemap-codec" "^1.5.5"

mini-svg-data-uri@^1.2.3:
  version "1.4.4"
  resolved "https://registry.yarnpkg.com/mini-svg-data-uri/-/mini-svg-data-uri-1.4.4.tgz#8ab0aabcdf8c29ad5693ca595af19dd2ead09939"
  integrity sha512-r9deDe9p5FJUPZAk3A59wGH7Ii9YrjjWw0jmw/liSbHl2CHiyXj6FcDXDu2K3TjVAXqiJdaw3xxwlZZr9E6nHg==

minimatch@^10.2.2:
  version "10.2.5"
  resolved "https://registry.yarnpkg.com/minimatch/-/minimatch-10.2.5.tgz#bd48687a0be38ed2961399105600f832095861d1"
  integrity sha512-MULkVLfKGYDFYejP07QOurDLLQpcjk7Fw+7jXS2R2czRQzR56yHRveU5NDJEOviH+hETZKSkIk5c+T23GjFUMg==
  dependencies:
    brace-expansion "^5.0.5"

minipass@^7.1.2, minipass@^7.1.3:
  version "7.1.3"
  resolved "https://registry.yarnpkg.com/minipass/-/minipass-7.1.3.tgz#79389b4eb1bb2d003a9bba87d492f2bd37bdc65b"
  integrity sha512-tEBHqDnIoM/1rXME1zgka9g6Q2lcoCkxHLuc7ODJ5BxbP5d4c2Z5cGgtXAku59200Cx7diuHTOYfSBD8n6mm8A==

nanoid@^3.3.11:
  version "3.3.12"
  resolved "https://registry.yarnpkg.com/nanoid/-/nanoid-3.3.12.tgz#ab3d912e217a6d0a514f00a72a16543a28982c05"
  integrity sha512-ZB9RH/39qpq5Vu6Y+NmUaFhQR6pp+M2Xt76XBnEwDaGcVAqhlvxrl3B2bKS5D3NH3QR76v3aSrKaF/Kiy7lEtQ==

node-releases@^2.0.36:
  version "2.0.38"
  resolved "https://registry.yarnpkg.com/node-releases/-/node-releases-2.0.38.tgz#791569b9e4424a044e12c3abfad418ed83ce9947"
  integrity sha512-3qT/88Y3FbH/Kx4szpQQ4HzUbVrHPKTLVpVocKiLfoYvw9XSGOX2FmD2d6DrXbVYyAQTF2HeF6My8jmzx7/CRw==

path-scurry@^2.0.2:
  version "2.0.2"
  resolved "https://registry.yarnpkg.com/path-scurry/-/path-scurry-2.0.2.tgz#6be0d0ee02a10d9e0de7a98bae65e182c9061f85"
  integrity sha512-3O/iVVsJAPsOnpwWIeD+d6z/7PmqApyQePUtCndjatj/9I5LylHvt5qluFaBT3I5h3r1ejfR056c+FCv+NnNXg==
  dependencies:
    lru-cache "^11.0.0"
    minipass "^7.1.2"

picocolors@^1.0.0, picocolors@^1.1.1:
  version "1.1.1"
  resolved "https://registry.yarnpkg.com/picocolors/-/picocolors-1.1.1.tgz#3d321af3eab939b083c8f929a1d12cda81c26b6b"
  integrity sha512-xceH2snhtb5M9liqDsmEw56le376mTZkEX/jEb/RxNFyegNul7eNslCXP9FDj/Lcu0X8KEyMceP2ntpaHrDEVA==

picomatch@^2.3.1:
  version "2.3.2"
  resolved "https://registry.yarnpkg.com/picomatch/-/picomatch-2.3.2.tgz#5a942915e26b372dc0f0e6753149a16e6b1c5601"
  integrity sha512-V7+vQEJ06Z+c5tSye8S+nHUfI51xoXIXjHQ99cQtKUkQqqO1kO/KCJUfZXuB47h/YBlDhah2H3hdUGXn8ie0oA==

picomatch@^4.0.4:
  version "4.0.4"
  resolved "https://registry.yarnpkg.com/picomatch/-/picomatch-4.0.4.tgz#fd6f5e00a143086e074dffe4c924b8fb293b0589"
  integrity sha512-QP88BAKvMam/3NxH6vj2o21R6MjxZUAd6nlwAS/pnGvN9IVLocLHxGYIzFhg6fUQ+5th6P4dv4eW9jX3DSIj7A==

postcss-selector-parser@6.0.10:
  version "6.0.10"
  resolved "https://registry.yarnpkg.com/postcss-selector-parser/-/postcss-selector-parser-6.0.10.tgz#79b61e2c0d1bfc2602d549e11d0876256f8df88d"
  integrity sha512-IQ7TZdoaqbT+LCpShg46jnZVlhWD2w6iQYAcYXfHARZ7X1t/UGhhceQDs5X0cGqKvYlHNOuv7Oa1xmb0oQuA3w==
  dependencies:
    cssesc "^3.0.0"
    util-deprecate "^1.0.2"

postcss-value-parser@^4.2.0:
  version "4.2.0"
  resolved "https://registry.yarnpkg.com/postcss-value-parser/-/postcss-value-parser-4.2.0.tgz#723c09920836ba6d3e5af019f92bc0971c02e514"
  integrity sha512-1NNCs6uurfkVbeXG4S8JFT9t19m45ICnif8zWLd5oPSZ50QnwMfK+H3jv408d4jw/7Bttv5axS5IiHoLaVNHeQ==

postcss@^8.5.14:
  version "8.5.14"
  resolved "https://registry.yarnpkg.com/postcss/-/postcss-8.5.14.tgz#a66c2d7808fadf69ebb5b84a03f8bafd76c4919c"
  integrity sha512-SoSL4+OSEtR99LHFZQiJLkT59C5B1amGO1NzTwj7TT1qCUgUO6hxOvzkOYxD+vMrXBM3XJIKzokoERdqQq/Zmg==
  dependencies:
    nanoid "^3.3.11"
    picocolors "^1.1.1"
    source-map-js "^1.2.1"

prettier@^3.8.3:
  version "3.8.3"
  resolved "https://registry.yarnpkg.com/prettier/-/prettier-3.8.3.tgz#560f2de55bf01b4c0503bc629d5df99b9a1d09b0"
  integrity sha512-7igPTM53cGHMW8xWuVTydi2KO233VFiTNyF5hLJqpilHfmn8C8gPf+PS7dUT64YcXFbiMGZxS9pCSxL/Dxm/Jw==

regenerator-runtime@^0.11.0:
  version "0.11.1"
  resolved "https://registry.yarnpkg.com/regenerator-runtime/-/regenerator-runtime-0.11.1.tgz#be05ad7f9bf7d22e056f9726cee5017fbf19e2e9"
  integrity sha512-MguG95oij0fC3QV3URf4V2SDYGJhJnJGqvIIgdECeODCT98wSWDAJ94SSuVpYQUoTcGUIL6L4yNB7j1DFFHSBg==

require-directory@^2.1.1:
  version "2.1.1"
  resolved "https://registry.yarnpkg.com/require-directory/-/require-directory-2.1.1.tgz#8c64ad5fd30dab1c976e2344ffe7f792a6a6df42"
  integrity sha512-fGxEI7+wsG9xrvdjsrlmL22OMTTiHRwAMroiEeMgq8gzoLC/PQr7RsRDSTLUg/bZAZtF+TVIkHc6/4RIKrui+Q==

rolldown@1.0.0-rc.18:
  version "1.0.0-rc.18"
  resolved "https://registry.yarnpkg.com/rolldown/-/rolldown-1.0.0-rc.18.tgz#c597f89a4ce12e6fc918fa91e4f892b340aa92f0"
  integrity sha512-phmyKBpuBdRYDf4hgyynGAYn/rDDe+iZXKVJ7WX5b1zQzpLkP5oJRPGsfJuHdzPMlyyEO/4sPW6yfSx2gf7lVg==
  dependencies:
    "@oxc-project/types" "=0.128.0"
    "@rolldown/pluginutils" "1.0.0-rc.18"
  optionalDependencies:
    "@rolldown/binding-android-arm64" "1.0.0-rc.18"
    "@rolldown/binding-darwin-arm64" "1.0.0-rc.18"
    "@rolldown/binding-darwin-x64" "1.0.0-rc.18"
    "@rolldown/binding-freebsd-x64" "1.0.0-rc.18"
    "@rolldown/binding-linux-arm-gnueabihf" "1.0.0-rc.18"
    "@rolldown/binding-linux-arm64-gnu" "1.0.0-rc.18"
    "@rolldown/binding-linux-arm64-musl" "1.0.0-rc.18"
    "@rolldown/binding-linux-ppc64-gnu" "1.0.0-rc.18"
    "@rolldown/binding-linux-s390x-gnu" "1.0.0-rc.18"
    "@rolldown/binding-linux-x64-gnu" "1.0.0-rc.18"
    "@rolldown/binding-linux-x64-musl" "1.0.0-rc.18"
    "@rolldown/binding-openharmony-arm64" "1.0.0-rc.18"
    "@rolldown/binding-wasm32-wasi" "1.0.0-rc.18"
    "@rolldown/binding-win32-arm64-msvc" "1.0.0-rc.18"
    "@rolldown/binding-win32-x64-msvc" "1.0.0-rc.18"

rxjs-compat@^6.5.4:
  version "6.6.7"
  resolved "https://registry.yarnpkg.com/rxjs-compat/-/rxjs-compat-6.6.7.tgz#6eb4ef75c0a58ea672854a701ccc8d49f41e69cb"
  integrity sha512-szN4fK+TqBPOFBcBcsR0g2cmTTUF/vaFEOZNuSdfU8/pGFnNmmn2u8SystYXG1QMrjOPBc6XTKHMVfENDf6hHw==

rxjs@7.8.2:
  version "7.8.2"
  resolved "https://registry.yarnpkg.com/rxjs/-/rxjs-7.8.2.tgz#955bc473ed8af11a002a2be52071bf475638607b"
  integrity sha512-dhKf903U/PQZY6boNNtAGdWbG85WAbjT/1xYoZIC7FAY0yWapOBQVsVrDl58W86//e1VpMNBtRV4MaXfdMySFA==
  dependencies:
    tslib "^2.1.0"

shell-quote@1.8.3:
  version "1.8.3"
  resolved "https://registry.yarnpkg.com/shell-quote/-/shell-quote-1.8.3.tgz#55e40ef33cf5c689902353a3d8cd1a6725f08b4b"
  integrity sha512-ObmnIF4hXNg1BqhnHmgbDETF8dLPCggZWBjkQfhZpbszZnYur5DUljTcCHii5LC3J5E0yeO/1LIMyH+UvHQgyw==

source-map-js@^1.2.1:
  version "1.2.1"
  resolved "https://registry.yarnpkg.com/source-map-js/-/source-map-js-1.2.1.tgz#1ce5650fddd87abc099eda37dcff024c2667ae46"
  integrity sha512-UXWMKhLOwVKb728IUtQPXxfYU+usdybtUrK/8uGE8CQMvrhOpwvzDBwj0QhSL7MQc7vIsISBG8VQ8+IDQxpfQA==

string-width@^4.1.0, string-width@^4.2.0, string-width@^4.2.3:
  version "4.2.3"
  resolved "https://registry.yarnpkg.com/string-width/-/string-width-4.2.3.tgz#269c7117d27b05ad2e536830a8ec895ef9c6d010"
  integrity sha512-wKyQRQpjJ0sIp62ErSZdGsjMJWsap5oRNihHhu6G7JVO/9jIB6UyevL+tXuOqrng8j/cxKTWyWUwvSTriiZz/g==
  dependencies:
    emoji-regex "^8.0.0"
    is-fullwidth-code-point "^3.0.0"
    strip-ansi "^6.0.1"

strip-ansi@^6.0.0, strip-ansi@^6.0.1:
  version "6.0.1"
  resolved "https://registry.yarnpkg.com/strip-ansi/-/strip-ansi-6.0.1.tgz#9e26c63d30f53443e9489495b2105d37b67a85d9"
  integrity sha512-Y38VPSHcqkFrCpFnQ9vuSXmquuv5oXOKpGeT6aGrr3o3Gc9AlVa6JBfUSOCnbxGGZF+/0ooI7KrPuUSztUdU5A==
  dependencies:
    ansi-regex "^5.0.1"

supports-color@8.1.1:
  version "8.1.1"
  resolved "https://registry.yarnpkg.com/supports-color/-/supports-color-8.1.1.tgz#cd6fc17e28500cff56c1b86c0a7fd4a54a73005c"
  integrity sha512-MpUEN2OodtUzxvKQl72cUF7RQ5EiHsGvSsVG0ia9c5RbWGL2CI4C7EpPS8UTBIplnlzZiNuV56w+FuNxy3ty2Q==
  dependencies:
    has-flag "^4.0.0"

supports-color@^7.1.0:
  version "7.2.0"
  resolved "https://registry.yarnpkg.com/supports-color/-/supports-color-7.2.0.tgz#1b7dcdcb32b8138801b3e478ba6a51caa89648da"
  integrity sha512-qpCAvRl9stuOHveKsn7HncJRvv501qIacKzQlO/+Lwxc9+0q2wLyv4Dfvt80/DPn2pqOBsJdDiogXGR9+OvwRw==
  dependencies:
    has-flag "^4.0.0"

tailwindcss@4.3.0, tailwindcss@^4.3.0:
  version "4.3.0"
  resolved "https://registry.yarnpkg.com/tailwindcss/-/tailwindcss-4.3.0.tgz#0a874e044a859cf6de413f3a59e76a9bedf05264"
  integrity sha512-y6nxMGB1nMW9R6k96e5gdIFzcfL/gTJRNaqGes1YvkLnPVXzWgbqFF2yLC0T8G774n24cx3Pe8XrKoniCOAH+Q==

tapable@^2.3.3:
  version "2.3.3"
  resolved "https://registry.yarnpkg.com/tapable/-/tapable-2.3.3.tgz#5da7c9992c46038221267985ab28421a8879f160"
  integrity sha512-uxc/zpqFg6x7C8vOE7lh6Lbda8eEL9zmVm/PLeTPBRhh1xCgdWaQ+J1CUieGpIfm2HdtsUpRv+HshiasBMcc6A==

tinyglobby@^0.2.12, tinyglobby@^0.2.16:
  version "0.2.16"
  resolved "https://registry.yarnpkg.com/tinyglobby/-/tinyglobby-0.2.16.tgz#1c3b7eb953fce42b226bc5a1ee06428281aff3d6"
  integrity sha512-pn99VhoACYR8nFHhxqix+uvsbXineAasWm5ojXoN8xEwK5Kd3/TrhNn1wByuD52UxWRLy8pu+kRMniEi6Eq9Zg==
  dependencies:
    fdir "^6.5.0"
    picomatch "^4.0.4"

tree-kill@1.2.2:
  version "1.2.2"
  resolved "https://registry.yarnpkg.com/tree-kill/-/tree-kill-1.2.2.tgz#4ca09a9092c88b73a7cdc5e8a01b507b0790a0cc"
  integrity sha512-L0Orpi8qGpRG//Nd+H90vFB+3iHnue1zSSGmNOOCh1GLJ7rUKVwV2HvijphGQS2UmhUZewS9VgvxYIdgr+fG1A==

tslib@^2.1.0, tslib@^2.4.0, tslib@^2.8.1:
  version "2.8.1"
  resolved "https://registry.yarnpkg.com/tslib/-/tslib-2.8.1.tgz#612efe4ed235d567e8aba5f2a5fab70280ade83f"
  integrity sha512-oJFu94HQb+KVduSUQL7wnpmqnfmLsOA/nAh6b6EH0wCEoK0/mPeXU6c3wKDV83MkOuHPRHtSXKKU99IBazS/2w==

update-browserslist-db@^1.2.3:
  version "1.2.3"
  resolved "https://registry.yarnpkg.com/update-browserslist-db/-/update-browserslist-db-1.2.3.tgz#64d76db58713136acbeb4c49114366cc6cc2e80d"
  integrity sha512-Js0m9cx+qOgDxo0eMiFGEueWztz+d4+M3rGlmKPT+T4IS/jP4ylw3Nwpu6cpTTP8R1MAC1kF4VbdLt3ARf209w==
  dependencies:
    escalade "^3.2.0"
    picocolors "^1.1.1"

util-deprecate@^1.0.2:
  version "1.0.2"
  resolved "https://registry.yarnpkg.com/util-deprecate/-/util-deprecate-1.0.2.tgz#450d4dc9fa70de732762fbd2d4a28981419a0ccf"
  integrity sha512-EPD5q1uXyFxJpCrLnCc1nHnq3gOa6DZBocAIiI2TaSCA7VCJ1UJDMagCzIkXNsUYfD1daK//LTEQ8xiIbrHtcw==

vite-plugin-full-reload@^1.1.0:
  version "1.2.0"
  resolved "https://registry.yarnpkg.com/vite-plugin-full-reload/-/vite-plugin-full-reload-1.2.0.tgz#bc4bfdc842abb4d24309ca802be8b955fce1c0c6"
  integrity sha512-kz18NW79x0IHbxRSHm0jttP4zoO9P9gXh+n6UTwlNKnviTTEpOlum6oS9SmecrTtSr+muHEn5TUuC75UovQzcA==
  dependencies:
    picocolors "^1.0.0"
    picomatch "^2.3.1"

vite@^8.0.11:
  version "8.0.11"
  resolved "https://registry.yarnpkg.com/vite/-/vite-8.0.11.tgz#d128fe82a0dd24da5127d20560735f1cd7ade0a6"
  integrity sha512-Jz1mxtUBR5xTT65VOdJZUUeoyLtqljmFkiUXhPTLZka3RDc9vpi/xXkyrnsdRcm2lIi3l3GPMnAidTsEGIj3Ow==
  dependencies:
    lightningcss "^1.32.0"
    picomatch "^4.0.4"
    postcss "^8.5.14"
    rolldown "1.0.0-rc.18"
    tinyglobby "^0.2.16"
  optionalDependencies:
    fsevents "~2.3.3"

wrap-ansi@^7.0.0:
  version "7.0.0"
  resolved "https://registry.yarnpkg.com/wrap-ansi/-/wrap-ansi-7.0.0.tgz#67e145cff510a6a6984bdf1152911d69d2eb9e43"
  integrity sha512-YVGIj2kamLSTxw6NsZjoBxfSwsn0ycdesmc4p+Q21c5zPuZ1pl+NfxVdxPtdHvmNVOQ6XSYG4AUtyt/Fi7D16Q==
  dependencies:
    ansi-styles "^4.0.0"
    string-width "^4.1.0"
    strip-ansi "^6.0.0"

xterm-addon-search-bar@^0.2.0:
  version "0.2.0"
  resolved "https://registry.yarnpkg.com/xterm-addon-search-bar/-/xterm-addon-search-bar-0.2.0.tgz#e03c020a5ed22f1e8d503946b26a14ade508bc91"
  integrity sha512-xvXmBA/ShbnzGe5CCy0kqPNNGqjkpuaRgH3Z1iW0V71vCAPRrtJ/v/hMnysZBH7WGUYhlCQr1cJZagW2fBVvSg==
  dependencies:
    babel-runtime "^6.26.0"
    rxjs-compat "^6.5.4"

y18n@^5.0.5:
  version "5.0.8"
  resolved "https://registry.yarnpkg.com/y18n/-/y18n-5.0.8.tgz#7f4934d0f7ca8c56f95314939ddcd2dd91ce1d55"
  integrity sha512-0pfFzegeDWJHJIAmTLRP2DwHjdF5s7jo9tuztdQxAhINCdvS+3nGINqPd00AphqJR/0LhANUS6/+7SCb98YOfA==

yargs-parser@^21.1.1:
  version "21.1.1"
  resolved "https://registry.yarnpkg.com/yargs-parser/-/yargs-parser-21.1.1.tgz#9096bceebf990d21bb31fa9516e0ede294a77d35"
  integrity sha512-tVpsJW7DdjecAiFpbIB1e3qxIQsE6NoPc5/eTdrbbIC4h0LVsWhnoa3g+m2HclBIujHzsxZ4VJVA+GUuc2/LBw==

yargs@17.7.2:
  version "17.7.2"
  resolved "https://registry.yarnpkg.com/yargs/-/yargs-17.7.2.tgz#991df39aca675a192b816e1e0363f9d75d2aa269"
  integrity sha512-7dSzzRQ++CKnNI/krKnYRV7JKKPUXMEh61soaHKg9mrWEhzFWhFnxPxGl+69cD1Ou63C13NUPCnmIcrvqCuM6w==
  dependencies:
    cliui "^8.0.1"
    escalade "^3.1.1"
    get-caller-file "^2.0.5"
    require-directory "^2.1.1"
    string-width "^4.2.3"
    y18n "^5.0.5"
    yargs-parser "^21.1.1"
